
Microsoft Visual Studio Solution File, Format Version 12.00
# Visual Studio Version 17
VisualStudioVersion = 17.7.34024.191
MinimumVisualStudioVersion = 10.0.40219.1
Project("{8BC9CEB8-8B4A-11D0-8D11-00A0C91BC942}") = "Task01", "Task01\Task01.vcxproj", "{998EC898-5FE8-406D-9BDB-81E9C903A7D0}"
EndProject
Project("{8BC9CEB8-8B4A-11D0-8D11-00A0C91BC942}") = "Task02", "Task02\Task02.vcxproj", "{B674A5B6-32F8-439D-85D9-B555573A896F}"
EndProject
Project("{8BC9CEB8-8B4A-11D0-8D11-00A0C91BC942}") = "Task03", "Task03\Task03.vcxproj", "{A1B3A4F4-F669-4A7A-B699-4904338EE1A5}"
EndProject
Project("{8BC9CEB8-8B4A-11D0-8D11-00A0C91BC942}") = "VectorsHelp", "VectorsHelp\VectorsHelp.vcxproj", "{89DA75B7-793E-4115-A741-9FF70316C4CF}"
EndProject
Project("{8BC9CEB8-8B4A-11D0-8D11-00A0C91BC942}") = "StingHelp", "StingHelp\StingHelp.vcxproj", "{FB5ACE4D-A4A7-4BAE-BA5B-1EEBA8E8FFDD}"
EndProject
Global
	GlobalSection(SolutionConfigurationPlatforms) = preSolution
		Debug|x64 = Debug|x64
		Debug|x86 = Debug|x86
		Release|x64 = Release|x64
		Release|x86 = Release|x86
	EndGlobalSection
	GlobalSection(ProjectConfigurationPlatforms) = postSolution
		{998EC898-5FE8-406D-9BDB-81E9C903A7D0}.Debug|x64.ActiveCfg = Debug|x64
		{998EC898-5FE8-406D-9BDB-81E9C903A7D0}.Debug|x64.Build.0 = Debug|x64
		{998EC898-5FE8-406D-9BDB-81E9C903A7D0}.Debug|x86.ActiveCfg = Debug|Win32
		{998EC898-5FE8-406D-9BDB-81E9C903A7D0}.Debug|x86.Build.0 = Debug|Win32
		{998EC898-5FE8-406D-9BDB-81E9C903A7D0}.Release|x64.ActiveCfg = Release|x64
		{998EC898-5FE8-406D-9BDB-81E9C903A7D0}.Release|x64.Build.0 = Release|x64
		{998EC898-5FE8-406D-9BDB-81E9C903A7D0}.Release|x86.ActiveCfg = Release|Win32
		{998EC898-5FE8-406D-9BDB-81E9C903A7D0}.Release|x86.Build.0 = Release|Win32
		{B674A5B6-32F8-439D-85D9-B555573A896F}.Debug|x64.ActiveCfg = Debug|x64
		{B674A5B6-32F8-439D-85D9-B555573A896F}.Debug|x64.Build.0 = Debug|x64
		{B674A5B6-32F8-439D-85D9-B555573A896F}.Debug|x86.ActiveCfg = Debug|Win32
		{B674A5B6-32F8-439D-85D9-B555573A896F}.Debug|x86.Build.0 = Debug|Win32
		{B674A5B6-32F8-439D-85D9-B555573A896F}.Release|x64.ActiveCfg = Release|x64
		{B674A5B6-32F8-439D-85D9-B555573A896F}.Release|x64.Build.0 = Release|x64
		{B674A5B6-32F8-439D-85D9-B555573A896F}.Release|x86.ActiveCfg = Release|Win32
		{B674A5B6-32F8-439D-85D9-B555573A896F}.Release|x86.Build.0 = Release|Win32
		{A1B3A4F4-F669-4A7A-B699-4904338EE1A5}.Debug|x64.ActiveCfg = Debug|x64
		{A1B3A4F4-F669-4A7A-B699-4904338EE1A5}.Debug|x64.Build.0 = Debug|x64
		{A1B3A4F4-F669-4A7A-B699-4904338EE1A5}.Debug|x86.ActiveCfg = Debug|Win32
		{A1B3A4F4-F669-4A7A-B699-4904338EE1A5}.Debug|x86.Build.0 = Debug|Win32
		{A1B3A4F4-F669-4A7A-B699-4904338EE1A5}.Release|x64.ActiveCfg = Release|x64
		{A1B3A4F4-F669-4A7A-B699-4904338EE1A5}.Release|x64.Build.0 = Release|x64
		{A1B3A4F4-F669-4A7A-B699-4904338EE1A5}.Release|x86.ActiveCfg = Release|Win32
		{A1B3A4F4-F669-4A7A-B699-4904338EE1A5}.Release|x86.Build.0 = Release|Win32
		{89DA75B7-793E-4115-A741-9FF70316C4CF}.Debug|x64.ActiveCfg = Debug|x64
		{89DA75B7-793E-4115-A741-9FF70316C4CF}.Debug|x64.Build.0 = Debug|x64
		{89DA75B7-793E-4115-A741-9FF70316C4CF}.Debug|x86.ActiveCfg = Debug|Win32
		{89DA75B7-793E-4115-A741-9FF70316C4CF}.Debug|x86.Build.0 = Debug|Win32
		{89DA75B7-793E-4115-A741-9FF70316C4CF}.Release|x64.ActiveCfg = Release|x64
		{89DA75B7-793E-4115-A741-9FF70316C4CF}.Release|x64.Build.0 = Release|x64
		{89DA75B7-793E-4115-A741-9FF70316C4CF}.Release|x86.ActiveCfg = Release|Win32
		{89DA75B7-793E-4115-A741-9FF70316C4CF}.Release|x86.Build.0 = Release|Win32
		{FB5ACE4D-A4A7-4BAE-BA5B-1EEBA8E8FFDD}.Debug|x64.ActiveCfg = Debug|x64
		{FB5ACE4D-A4A7-4BAE-BA5B-1EEBA8E8FFDD}.Debug|x64.Build.0 = Debug|x64
		{FB5ACE4D-A4A7-4BAE-BA5B-1EEBA8E8FFDD}.Debug|x86.ActiveCfg = Debug|Win32
		{FB5ACE4D-A4A7-4BAE-BA5B-1EEBA8E8FFDD}.Debug|x86.Build.0 = Debug|Win32
		{FB5ACE4D-A4A7-4BAE-BA5B-1EEBA8E8FFDD}.Release|x64.ActiveCfg = Release|x64
		{FB5ACE4D-A4A7-4BAE-BA5B-1EEBA8E8FFDD}.Release|x64.Build.0 = Release|x64
		{FB5ACE4D-A4A7-4BAE-BA5B-1EEBA8E8FFDD}.Release|x86.ActiveCfg = Release|Win32
		{FB5ACE4D-A4A7-4BAE-BA5B-1EEBA8E8FFDD}.Release|x86.Build.0 = Release|Win32
	EndGlobalSection
	GlobalSection(SolutionProperties) = preSolution
		HideSolutionNode = FALSE
	EndGlobalSection
	GlobalSection(ExtensibilityGlobals) = postSolution
		SolutionGuid = {7562482D-875E-48CD-BFE6-243A6644DAF1}
	EndGlobalSection
EndGlobal
