
Microsoft Visual Studio Solution File, Format Version 12.00
# Visual Studio Version 17
VisualStudioVersion = 17.7.34024.191
MinimumVisualStudioVersion = 10.0.40219.1
Project("{8BC9CEB8-8B4A-11D0-8D11-00A0C91BC942}") = "CloseToCenter-", "FunctionsExercise\FunctionsExercise.vcxproj", "{31E8E2A7-1F6F-4269-91A5-8D663C76ED81}"
EndProject
Project("{8BC9CEB8-8B4A-11D0-8D11-00A0C91BC942}") = "Operations", "Operations\Operations.vcxproj", "{5C8EFB71-B244-4CD8-9233-A4610501F7FB}"
EndProject
Project("{8BC9CEB8-8B4A-11D0-8D11-00A0C91BC942}") = "FactorialDivision", "FactorialDivision\FactorialDivision.vcxproj", "{EEC53AAF-C967-4406-8AD0-7AD6F1CE0C18}"
EndProject
Project("{8BC9CEB8-8B4A-11D0-8D11-00A0C91BC942}") = "MultiplyEvensSumByOdds", "MultiplyEvensSumByOdds\MultiplyEvensSumByOdds.vcxproj", "{691CF557-BE1C-4E19-91CF-09AFB00F9B15}"
EndProject
Project("{8BC9CEB8-8B4A-11D0-8D11-00A0C91BC942}") = "VowelsCount", "VowelsCount\VowelsCount.vcxproj", "{7697F28C-C2AD-4407-96AD-8E2E7D74AC74}"
EndProject
Project("{8BC9CEB8-8B4A-11D0-8D11-00A0C91BC942}") = "PrintNameOfNumbers", "PrintNameOfNumbers\PrintNameOfNumbers.vcxproj", "{C611106C-995A-446B-83CE-4CF59B7487D9}"
EndProject
Project("{8BC9CEB8-8B4A-11D0-8D11-00A0C91BC942}") = "PasswordValidator", "PasswordValidator\PasswordValidator.vcxproj", "{B6C3267E-1359-43B5-9553-81BDFCB12D31}"
EndProject
Project("{8BC9CEB8-8B4A-11D0-8D11-00A0C91BC942}") = "Orders", "Orders\Orders.vcxproj", "{E1B69301-FEC9-444E-95EB-FC29C2216A55}"
EndProject
Global
	GlobalSection(SolutionConfigurationPlatforms) = preSolution
		Debug|x64 = Debug|x64
		Debug|x86 = Debug|x86
		Release|x64 = Release|x64
		Release|x86 = Release|x86
	EndGlobalSection
	GlobalSection(ProjectConfigurationPlatforms) = postSolution
		{31E8E2A7-1F6F-4269-91A5-8D663C76ED81}.Debug|x64.ActiveCfg = Debug|x64
		{31E8E2A7-1F6F-4269-91A5-8D663C76ED81}.Debug|x64.Build.0 = Debug|x64
		{31E8E2A7-1F6F-4269-91A5-8D663C76ED81}.Debug|x86.ActiveCfg = Debug|Win32
		{31E8E2A7-1F6F-4269-91A5-8D663C76ED81}.Debug|x86.Build.0 = Debug|Win32
		{31E8E2A7-1F6F-4269-91A5-8D663C76ED81}.Release|x64.ActiveCfg = Release|x64
		{31E8E2A7-1F6F-4269-91A5-8D663C76ED81}.Release|x64.Build.0 = Release|x64
		{31E8E2A7-1F6F-4269-91A5-8D663C76ED81}.Release|x86.ActiveCfg = Release|Win32
		{31E8E2A7-1F6F-4269-91A5-8D663C76ED81}.Release|x86.Build.0 = Release|Win32
		{5C8EFB71-B244-4CD8-9233-A4610501F7FB}.Debug|x64.ActiveCfg = Debug|x64
		{5C8EFB71-B244-4CD8-9233-A4610501F7FB}.Debug|x64.Build.0 = Debug|x64
		{5C8EFB71-B244-4CD8-9233-A4610501F7FB}.Debug|x86.ActiveCfg = Debug|Win32
		{5C8EFB71-B244-4CD8-9233-A4610501F7FB}.Debug|x86.Build.0 = Debug|Win32
		{5C8EFB71-B244-4CD8-9233-A4610501F7FB}.Release|x64.ActiveCfg = Release|x64
		{5C8EFB71-B244-4CD8-9233-A4610501F7FB}.Release|x64.Build.0 = Release|x64
		{5C8EFB71-B244-4CD8-9233-A4610501F7FB}.Release|x86.ActiveCfg = Release|Win32
		{5C8EFB71-B244-4CD8-9233-A4610501F7FB}.Release|x86.Build.0 = Release|Win32
		{EEC53AAF-C967-4406-8AD0-7AD6F1CE0C18}.Debug|x64.ActiveCfg = Debug|x64
		{EEC53AAF-C967-4406-8AD0-7AD6F1CE0C18}.Debug|x64.Build.0 = Debug|x64
		{EEC53AAF-C967-4406-8AD0-7AD6F1CE0C18}.Debug|x86.ActiveCfg = Debug|Win32
		{EEC53AAF-C967-4406-8AD0-7AD6F1CE0C18}.Debug|x86.Build.0 = Debug|Win32
		{EEC53AAF-C967-4406-8AD0-7AD6F1CE0C18}.Release|x64.ActiveCfg = Release|x64
		{EEC53AAF-C967-4406-8AD0-7AD6F1CE0C18}.Release|x64.Build.0 = Release|x64
		{EEC53AAF-C967-4406-8AD0-7AD6F1CE0C18}.Release|x86.ActiveCfg = Release|Win32
		{EEC53AAF-C967-4406-8AD0-7AD6F1CE0C18}.Release|x86.Build.0 = Release|Win32
		{691CF557-BE1C-4E19-91CF-09AFB00F9B15}.Debug|x64.ActiveCfg = Debug|x64
		{691CF557-BE1C-4E19-91CF-09AFB00F9B15}.Debug|x64.Build.0 = Debug|x64
		{691CF557-BE1C-4E19-91CF-09AFB00F9B15}.Debug|x86.ActiveCfg = Debug|Win32
		{691CF557-BE1C-4E19-91CF-09AFB00F9B15}.Debug|x86.Build.0 = Debug|Win32
		{691CF557-BE1C-4E19-91CF-09AFB00F9B15}.Release|x64.ActiveCfg = Release|x64
		{691CF557-BE1C-4E19-91CF-09AFB00F9B15}.Release|x64.Build.0 = Release|x64
		{691CF557-BE1C-4E19-91CF-09AFB00F9B15}.Release|x86.ActiveCfg = Release|Win32
		{691CF557-BE1C-4E19-91CF-09AFB00F9B15}.Release|x86.Build.0 = Release|Win32
		{7697F28C-C2AD-4407-96AD-8E2E7D74AC74}.Debug|x64.ActiveCfg = Debug|x64
		{7697F28C-C2AD-4407-96AD-8E2E7D74AC74}.Debug|x64.Build.0 = Debug|x64
		{7697F28C-C2AD-4407-96AD-8E2E7D74AC74}.Debug|x86.ActiveCfg = Debug|Win32
		{7697F28C-C2AD-4407-96AD-8E2E7D74AC74}.Debug|x86.Build.0 = Debug|Win32
		{7697F28C-C2AD-4407-96AD-8E2E7D74AC74}.Release|x64.ActiveCfg = Release|x64
		{7697F28C-C2AD-4407-96AD-8E2E7D74AC74}.Release|x64.Build.0 = Release|x64
		{7697F28C-C2AD-4407-96AD-8E2E7D74AC74}.Release|x86.ActiveCfg = Release|Win32
		{7697F28C-C2AD-4407-96AD-8E2E7D74AC74}.Release|x86.Build.0 = Release|Win32
		{C611106C-995A-446B-83CE-4CF59B7487D9}.Debug|x64.ActiveCfg = Debug|x64
		{C611106C-995A-446B-83CE-4CF59B7487D9}.Debug|x64.Build.0 = Debug|x64
		{C611106C-995A-446B-83CE-4CF59B7487D9}.Debug|x86.ActiveCfg = Debug|Win32
		{C611106C-995A-446B-83CE-4CF59B7487D9}.Debug|x86.Build.0 = Debug|Win32
		{C611106C-995A-446B-83CE-4CF59B7487D9}.Release|x64.ActiveCfg = Release|x64
		{C611106C-995A-446B-83CE-4CF59B7487D9}.Release|x64.Build.0 = Release|x64
		{C611106C-995A-446B-83CE-4CF59B7487D9}.Release|x86.ActiveCfg = Release|Win32
		{C611106C-995A-446B-83CE-4CF59B7487D9}.Release|x86.Build.0 = Release|Win32
		{B6C3267E-1359-43B5-9553-81BDFCB12D31}.Debug|x64.ActiveCfg = Debug|x64
		{B6C3267E-1359-43B5-9553-81BDFCB12D31}.Debug|x64.Build.0 = Debug|x64
		{B6C3267E-1359-43B5-9553-81BDFCB12D31}.Debug|x86.ActiveCfg = Debug|Win32
		{B6C3267E-1359-43B5-9553-81BDFCB12D31}.Debug|x86.Build.0 = Debug|Win32
		{B6C3267E-1359-43B5-9553-81BDFCB12D31}.Release|x64.ActiveCfg = Release|x64
		{B6C3267E-1359-43B5-9553-81BDFCB12D31}.Release|x64.Build.0 = Release|x64
		{B6C3267E-1359-43B5-9553-81BDFCB12D31}.Release|x86.ActiveCfg = Release|Win32
		{B6C3267E-1359-43B5-9553-81BDFCB12D31}.Release|x86.Build.0 = Release|Win32
		{E1B69301-FEC9-444E-95EB-FC29C2216A55}.Debug|x64.ActiveCfg = Debug|x64
		{E1B69301-FEC9-444E-95EB-FC29C2216A55}.Debug|x64.Build.0 = Debug|x64
		{E1B69301-FEC9-444E-95EB-FC29C2216A55}.Debug|x86.ActiveCfg = Debug|Win32
		{E1B69301-FEC9-444E-95EB-FC29C2216A55}.Debug|x86.Build.0 = Debug|Win32
		{E1B69301-FEC9-444E-95EB-FC29C2216A55}.Release|x64.ActiveCfg = Release|x64
		{E1B69301-FEC9-444E-95EB-FC29C2216A55}.Release|x64.Build.0 = Release|x64
		{E1B69301-FEC9-444E-95EB-FC29C2216A55}.Release|x86.ActiveCfg = Release|Win32
		{E1B69301-FEC9-444E-95EB-FC29C2216A55}.Release|x86.Build.0 = Release|Win32
	EndGlobalSection
	GlobalSection(SolutionProperties) = preSolution
		HideSolutionNode = FALSE
	EndGlobalSection
	GlobalSection(ExtensibilityGlobals) = postSolution
		SolutionGuid = {BE18637B-BDB7-4004-8FD1-8EB7A2A0F342}
	EndGlobalSection
EndGlobal
