
Microsoft Visual Studio Solution File, Format Version 12.00
# Visual Studio Version 17
VisualStudioVersion = 17.7.34024.191
MinimumVisualStudioVersion = 10.0.40219.1
Project("{8BC9CEB8-8B4A-11D0-8D11-00A0C91BC942}") = "Remove Negatives and Reverse", "Remove Negatives and Reverse\Remove Negatives and Reverse.vcxproj", "{41826EDD-7B0F-4DD5-A452-B649A1209A49}"
EndProject
Project("{8BC9CEB8-8B4A-11D0-8D11-00A0C91BC942}") = "Products", "Products\Products.vcxproj", "{D3386D7A-12CD-4526-964F-E761B41CE3F4}"
EndProject
Project("{8BC9CEB8-8B4A-11D0-8D11-00A0C91BC942}") = "Gauss' Trick", "Gauss' Trick\Gauss' Trick.vcxproj", "{BE825AD4-35BC-4866-802B-7825B964B158}"
EndProject
Project("{8BC9CEB8-8B4A-11D0-8D11-00A0C91BC942}") = "Merging Lists", "Merging Lists\Merging Lists.vcxproj", "{1BA5F215-A3CA-41BE-ABE7-63B6913634FC}"
EndProject
Global
	GlobalSection(SolutionConfigurationPlatforms) = preSolution
		Debug|x64 = Debug|x64
		Debug|x86 = Debug|x86
		Release|x64 = Release|x64
		Release|x86 = Release|x86
	EndGlobalSection
	GlobalSection(ProjectConfigurationPlatforms) = postSolution
		{41826EDD-7B0F-4DD5-A452-B649A1209A49}.Debug|x64.ActiveCfg = Debug|x64
		{41826EDD-7B0F-4DD5-A452-B649A1209A49}.Debug|x64.Build.0 = Debug|x64
		{41826EDD-7B0F-4DD5-A452-B649A1209A49}.Debug|x86.ActiveCfg = Debug|Win32
		{41826EDD-7B0F-4DD5-A452-B649A1209A49}.Debug|x86.Build.0 = Debug|Win32
		{41826EDD-7B0F-4DD5-A452-B649A1209A49}.Release|x64.ActiveCfg = Release|x64
		{41826EDD-7B0F-4DD5-A452-B649A1209A49}.Release|x64.Build.0 = Release|x64
		{41826EDD-7B0F-4DD5-A452-B649A1209A49}.Release|x86.ActiveCfg = Release|Win32
		{41826EDD-7B0F-4DD5-A452-B649A1209A49}.Release|x86.Build.0 = Release|Win32
		{D3386D7A-12CD-4526-964F-E761B41CE3F4}.Debug|x64.ActiveCfg = Debug|x64
		{D3386D7A-12CD-4526-964F-E761B41CE3F4}.Debug|x64.Build.0 = Debug|x64
		{D3386D7A-12CD-4526-964F-E761B41CE3F4}.Debug|x86.ActiveCfg = Debug|Win32
		{D3386D7A-12CD-4526-964F-E761B41CE3F4}.Debug|x86.Build.0 = Debug|Win32
		{D3386D7A-12CD-4526-964F-E761B41CE3F4}.Release|x64.ActiveCfg = Release|x64
		{D3386D7A-12CD-4526-964F-E761B41CE3F4}.Release|x64.Build.0 = Release|x64
		{D3386D7A-12CD-4526-964F-E761B41CE3F4}.Release|x86.ActiveCfg = Release|Win32
		{D3386D7A-12CD-4526-964F-E761B41CE3F4}.Release|x86.Build.0 = Release|Win32
		{BE825AD4-35BC-4866-802B-7825B964B158}.Debug|x64.ActiveCfg = Debug|x64
		{BE825AD4-35BC-4866-802B-7825B964B158}.Debug|x64.Build.0 = Debug|x64
		{BE825AD4-35BC-4866-802B-7825B964B158}.Debug|x86.ActiveCfg = Debug|Win32
		{BE825AD4-35BC-4866-802B-7825B964B158}.Debug|x86.Build.0 = Debug|Win32
		{BE825AD4-35BC-4866-802B-7825B964B158}.Release|x64.ActiveCfg = Release|x64
		{BE825AD4-35BC-4866-802B-7825B964B158}.Release|x64.Build.0 = Release|x64
		{BE825AD4-35BC-4866-802B-7825B964B158}.Release|x86.ActiveCfg = Release|Win32
		{BE825AD4-35BC-4866-802B-7825B964B158}.Release|x86.Build.0 = Release|Win32
		{1BA5F215-A3CA-41BE-ABE7-63B6913634FC}.Debug|x64.ActiveCfg = Debug|x64
		{1BA5F215-A3CA-41BE-ABE7-63B6913634FC}.Debug|x64.Build.0 = Debug|x64
		{1BA5F215-A3CA-41BE-ABE7-63B6913634FC}.Debug|x86.ActiveCfg = Debug|Win32
		{1BA5F215-A3CA-41BE-ABE7-63B6913634FC}.Debug|x86.Build.0 = Debug|Win32
		{1BA5F215-A3CA-41BE-ABE7-63B6913634FC}.Release|x64.ActiveCfg = Release|x64
		{1BA5F215-A3CA-41BE-ABE7-63B6913634FC}.Release|x64.Build.0 = Release|x64
		{1BA5F215-A3CA-41BE-ABE7-63B6913634FC}.Release|x86.ActiveCfg = Release|Win32
		{1BA5F215-A3CA-41BE-ABE7-63B6913634FC}.Release|x86.Build.0 = Release|Win32
	EndGlobalSection
	GlobalSection(SolutionProperties) = preSolution
		HideSolutionNode = FALSE
	EndGlobalSection
	GlobalSection(ExtensibilityGlobals) = postSolution
		SolutionGuid = {08235E04-EECA-4D0A-98A5-BEB1954F8919}
	EndGlobalSection
EndGlobal
