
Microsoft Visual Studio Solution File, Format Version 12.00
# Visual Studio Version 17
VisualStudioVersion = 17.7.34024.191
MinimumVisualStudioVersion = 10.0.40219.1
Project("{8BC9CEB8-8B4A-11D0-8D11-00A0C91BC942}") = "Below Average Only", "Below Average Only\Below Average Only.vcxproj", "{D5FD0D7B-EB3D-4542-AB82-8F0A78F145C2}"
EndProject
Project("{8BC9CEB8-8B4A-11D0-8D11-00A0C91BC942}") = "Special Items", "Special Items\Special Items.vcxproj", "{FB60A7D0-A209-4E37-B298-624762D0372C}"
EndProject
Project("{8BC9CEB8-8B4A-11D0-8D11-00A0C91BC942}") = "Machine Commands", "Machine Commands\Machine Commands.vcxproj", "{E85170BA-6740-4C54-8AF7-F4B4549B0DA2}"
EndProject
Global
	GlobalSection(SolutionConfigurationPlatforms) = preSolution
		Debug|x64 = Debug|x64
		Debug|x86 = Debug|x86
		Release|x64 = Release|x64
		Release|x86 = Release|x86
	EndGlobalSection
	GlobalSection(ProjectConfigurationPlatforms) = postSolution
		{D5FD0D7B-EB3D-4542-AB82-8F0A78F145C2}.Debug|x64.ActiveCfg = Debug|x64
		{D5FD0D7B-EB3D-4542-AB82-8F0A78F145C2}.Debug|x64.Build.0 = Debug|x64
		{D5FD0D7B-EB3D-4542-AB82-8F0A78F145C2}.Debug|x86.ActiveCfg = Debug|Win32
		{D5FD0D7B-EB3D-4542-AB82-8F0A78F145C2}.Debug|x86.Build.0 = Debug|Win32
		{D5FD0D7B-EB3D-4542-AB82-8F0A78F145C2}.Release|x64.ActiveCfg = Release|x64
		{D5FD0D7B-EB3D-4542-AB82-8F0A78F145C2}.Release|x64.Build.0 = Release|x64
		{D5FD0D7B-EB3D-4542-AB82-8F0A78F145C2}.Release|x86.ActiveCfg = Release|Win32
		{D5FD0D7B-EB3D-4542-AB82-8F0A78F145C2}.Release|x86.Build.0 = Release|Win32
		{FB60A7D0-A209-4E37-B298-624762D0372C}.Debug|x64.ActiveCfg = Debug|x64
		{FB60A7D0-A209-4E37-B298-624762D0372C}.Debug|x64.Build.0 = Debug|x64
		{FB60A7D0-A209-4E37-B298-624762D0372C}.Debug|x86.ActiveCfg = Debug|Win32
		{FB60A7D0-A209-4E37-B298-624762D0372C}.Debug|x86.Build.0 = Debug|Win32
		{FB60A7D0-A209-4E37-B298-624762D0372C}.Release|x64.ActiveCfg = Release|x64
		{FB60A7D0-A209-4E37-B298-624762D0372C}.Release|x64.Build.0 = Release|x64
		{FB60A7D0-A209-4E37-B298-624762D0372C}.Release|x86.ActiveCfg = Release|Win32
		{FB60A7D0-A209-4E37-B298-624762D0372C}.Release|x86.Build.0 = Release|Win32
		{E85170BA-6740-4C54-8AF7-F4B4549B0DA2}.Debug|x64.ActiveCfg = Debug|x64
		{E85170BA-6740-4C54-8AF7-F4B4549B0DA2}.Debug|x64.Build.0 = Debug|x64
		{E85170BA-6740-4C54-8AF7-F4B4549B0DA2}.Debug|x86.ActiveCfg = Debug|Win32
		{E85170BA-6740-4C54-8AF7-F4B4549B0DA2}.Debug|x86.Build.0 = Debug|Win32
		{E85170BA-6740-4C54-8AF7-F4B4549B0DA2}.Release|x64.ActiveCfg = Release|x64
		{E85170BA-6740-4C54-8AF7-F4B4549B0DA2}.Release|x64.Build.0 = Release|x64
		{E85170BA-6740-4C54-8AF7-F4B4549B0DA2}.Release|x86.ActiveCfg = Release|Win32
		{E85170BA-6740-4C54-8AF7-F4B4549B0DA2}.Release|x86.Build.0 = Release|Win32
	EndGlobalSection
	GlobalSection(SolutionProperties) = preSolution
		HideSolutionNode = FALSE
	EndGlobalSection
	GlobalSection(ExtensibilityGlobals) = postSolution
		SolutionGuid = {0EB6E561-0C7A-49F2-A19D-84AFE0FC7B0B}
	EndGlobalSection
EndGlobal
