
Microsoft Visual Studio Solution File, Format Version 12.00
# Visual Studio Version 17
VisualStudioVersion = 17.7.34024.191
MinimumVisualStudioVersion = 10.0.40219.1
Project("{8BC9CEB8-8B4A-11D0-8D11-00A0C91BC942}") = "Zig-Zag Arrays", "Zig-Zag Arrays\Zig-Zag Arrays.vcxproj", "{1BC4DBB7-CED8-47CC-A5C3-6D12F35B4E72}"
EndProject
Project("{8BC9CEB8-8B4A-11D0-8D11-00A0C91BC942}") = "AboveAverage", "AboveAverage\AboveAverage.vcxproj", "{5102A1B2-3414-4847-ABE7-D68B8FC73D0D}"
EndProject
Project("{8BC9CEB8-8B4A-11D0-8D11-00A0C91BC942}") = "MostFrequentNumber", "MostFrequentNumber\MostFrequentNumber.vcxproj", "{92343C04-F966-4BAC-B074-9D9E7A860915}"
EndProject
Project("{8BC9CEB8-8B4A-11D0-8D11-00A0C91BC942}") = "CartesianProduct", "CartesianProduct\CartesianProduct.vcxproj", "{2D2120E0-133F-4673-835D-A04D7E48A78A}"
EndProject
Project("{8BC9CEB8-8B4A-11D0-8D11-00A0C91BC942}") = "ArrayRotation2", "ArrayRotation2\ArrayRotation2.vcxproj", "{1C2BA63A-5340-4D40-900E-E6EE1DEE6188}"
EndProject
Project("{8BC9CEB8-8B4A-11D0-8D11-00A0C91BC942}") = "ArrayRoation3", "ArrayRoation3\ArrayRoation3.vcxproj", "{54912E22-7520-480B-9C98-E34F4BC11CB3}"
EndProject
Project("{8BC9CEB8-8B4A-11D0-8D11-00A0C91BC942}") = "TopIntegers", "TopIntegers\TopIntegers.vcxproj", "{ABB92595-DF3D-402D-B3D0-09CDCAB8622B}"
EndProject
Project("{8BC9CEB8-8B4A-11D0-8D11-00A0C91BC942}") = "MagicSum", "MagicSum\MagicSum.vcxproj", "{16B625A5-3F15-4AC2-8E82-DE82D8ECE83A}"
EndProject
Project("{8BC9CEB8-8B4A-11D0-8D11-00A0C91BC942}") = "ClosestNumbers", "ClosestNumbers\ClosestNumbers.vcxproj", "{87394AC0-FA55-415E-BD48-57553524C4BE}"
EndProject
Project("{8BC9CEB8-8B4A-11D0-8D11-00A0C91BC942}") = "Longest Sequence", "Longest Sequence\Longest Sequence.vcxproj", "{132404BB-268D-4F07-A72A-3950EC257F9E}"
EndProject
Global
	GlobalSection(SolutionConfigurationPlatforms) = preSolution
		Debug|x64 = Debug|x64
		Debug|x86 = Debug|x86
		Release|x64 = Release|x64
		Release|x86 = Release|x86
	EndGlobalSection
	GlobalSection(ProjectConfigurationPlatforms) = postSolution
		{1BC4DBB7-CED8-47CC-A5C3-6D12F35B4E72}.Debug|x64.ActiveCfg = Debug|x64
		{1BC4DBB7-CED8-47CC-A5C3-6D12F35B4E72}.Debug|x64.Build.0 = Debug|x64
		{1BC4DBB7-CED8-47CC-A5C3-6D12F35B4E72}.Debug|x86.ActiveCfg = Debug|Win32
		{1BC4DBB7-CED8-47CC-A5C3-6D12F35B4E72}.Debug|x86.Build.0 = Debug|Win32
		{1BC4DBB7-CED8-47CC-A5C3-6D12F35B4E72}.Release|x64.ActiveCfg = Release|x64
		{1BC4DBB7-CED8-47CC-A5C3-6D12F35B4E72}.Release|x64.Build.0 = Release|x64
		{1BC4DBB7-CED8-47CC-A5C3-6D12F35B4E72}.Release|x86.ActiveCfg = Release|Win32
		{1BC4DBB7-CED8-47CC-A5C3-6D12F35B4E72}.Release|x86.Build.0 = Release|Win32
		{5102A1B2-3414-4847-ABE7-D68B8FC73D0D}.Debug|x64.ActiveCfg = Debug|x64
		{5102A1B2-3414-4847-ABE7-D68B8FC73D0D}.Debug|x64.Build.0 = Debug|x64
		{5102A1B2-3414-4847-ABE7-D68B8FC73D0D}.Debug|x86.ActiveCfg = Debug|Win32
		{5102A1B2-3414-4847-ABE7-D68B8FC73D0D}.Debug|x86.Build.0 = Debug|Win32
		{5102A1B2-3414-4847-ABE7-D68B8FC73D0D}.Release|x64.ActiveCfg = Release|x64
		{5102A1B2-3414-4847-ABE7-D68B8FC73D0D}.Release|x64.Build.0 = Release|x64
		{5102A1B2-3414-4847-ABE7-D68B8FC73D0D}.Release|x86.ActiveCfg = Release|Win32
		{5102A1B2-3414-4847-ABE7-D68B8FC73D0D}.Release|x86.Build.0 = Release|Win32
		{92343C04-F966-4BAC-B074-9D9E7A860915}.Debug|x64.ActiveCfg = Debug|x64
		{92343C04-F966-4BAC-B074-9D9E7A860915}.Debug|x64.Build.0 = Debug|x64
		{92343C04-F966-4BAC-B074-9D9E7A860915}.Debug|x86.ActiveCfg = Debug|Win32
		{92343C04-F966-4BAC-B074-9D9E7A860915}.Debug|x86.Build.0 = Debug|Win32
		{92343C04-F966-4BAC-B074-9D9E7A860915}.Release|x64.ActiveCfg = Release|x64
		{92343C04-F966-4BAC-B074-9D9E7A860915}.Release|x64.Build.0 = Release|x64
		{92343C04-F966-4BAC-B074-9D9E7A860915}.Release|x86.ActiveCfg = Release|Win32
		{92343C04-F966-4BAC-B074-9D9E7A860915}.Release|x86.Build.0 = Release|Win32
		{2D2120E0-133F-4673-835D-A04D7E48A78A}.Debug|x64.ActiveCfg = Debug|x64
		{2D2120E0-133F-4673-835D-A04D7E48A78A}.Debug|x64.Build.0 = Debug|x64
		{2D2120E0-133F-4673-835D-A04D7E48A78A}.Debug|x86.ActiveCfg = Debug|Win32
		{2D2120E0-133F-4673-835D-A04D7E48A78A}.Debug|x86.Build.0 = Debug|Win32
		{2D2120E0-133F-4673-835D-A04D7E48A78A}.Release|x64.ActiveCfg = Release|x64
		{2D2120E0-133F-4673-835D-A04D7E48A78A}.Release|x64.Build.0 = Release|x64
		{2D2120E0-133F-4673-835D-A04D7E48A78A}.Release|x86.ActiveCfg = Release|Win32
		{2D2120E0-133F-4673-835D-A04D7E48A78A}.Release|x86.Build.0 = Release|Win32
		{1C2BA63A-5340-4D40-900E-E6EE1DEE6188}.Debug|x64.ActiveCfg = Debug|x64
		{1C2BA63A-5340-4D40-900E-E6EE1DEE6188}.Debug|x64.Build.0 = Debug|x64
		{1C2BA63A-5340-4D40-900E-E6EE1DEE6188}.Debug|x86.ActiveCfg = Debug|Win32
		{1C2BA63A-5340-4D40-900E-E6EE1DEE6188}.Debug|x86.Build.0 = Debug|Win32
		{1C2BA63A-5340-4D40-900E-E6EE1DEE6188}.Release|x64.ActiveCfg = Release|x64
		{1C2BA63A-5340-4D40-900E-E6EE1DEE6188}.Release|x64.Build.0 = Release|x64
		{1C2BA63A-5340-4D40-900E-E6EE1DEE6188}.Release|x86.ActiveCfg = Release|Win32
		{1C2BA63A-5340-4D40-900E-E6EE1DEE6188}.Release|x86.Build.0 = Release|Win32
		{54912E22-7520-480B-9C98-E34F4BC11CB3}.Debug|x64.ActiveCfg = Debug|x64
		{54912E22-7520-480B-9C98-E34F4BC11CB3}.Debug|x64.Build.0 = Debug|x64
		{54912E22-7520-480B-9C98-E34F4BC11CB3}.Debug|x86.ActiveCfg = Debug|Win32
		{54912E22-7520-480B-9C98-E34F4BC11CB3}.Debug|x86.Build.0 = Debug|Win32
		{54912E22-7520-480B-9C98-E34F4BC11CB3}.Release|x64.ActiveCfg = Release|x64
		{54912E22-7520-480B-9C98-E34F4BC11CB3}.Release|x64.Build.0 = Release|x64
		{54912E22-7520-480B-9C98-E34F4BC11CB3}.Release|x86.ActiveCfg = Release|Win32
		{54912E22-7520-480B-9C98-E34F4BC11CB3}.Release|x86.Build.0 = Release|Win32
		{ABB92595-DF3D-402D-B3D0-09CDCAB8622B}.Debug|x64.ActiveCfg = Debug|x64
		{ABB92595-DF3D-402D-B3D0-09CDCAB8622B}.Debug|x64.Build.0 = Debug|x64
		{ABB92595-DF3D-402D-B3D0-09CDCAB8622B}.Debug|x86.ActiveCfg = Debug|Win32
		{ABB92595-DF3D-402D-B3D0-09CDCAB8622B}.Debug|x86.Build.0 = Debug|Win32
		{ABB92595-DF3D-402D-B3D0-09CDCAB8622B}.Release|x64.ActiveCfg = Release|x64
		{ABB92595-DF3D-402D-B3D0-09CDCAB8622B}.Release|x64.Build.0 = Release|x64
		{ABB92595-DF3D-402D-B3D0-09CDCAB8622B}.Release|x86.ActiveCfg = Release|Win32
		{ABB92595-DF3D-402D-B3D0-09CDCAB8622B}.Release|x86.Build.0 = Release|Win32
		{16B625A5-3F15-4AC2-8E82-DE82D8ECE83A}.Debug|x64.ActiveCfg = Debug|x64
		{16B625A5-3F15-4AC2-8E82-DE82D8ECE83A}.Debug|x64.Build.0 = Debug|x64
		{16B625A5-3F15-4AC2-8E82-DE82D8ECE83A}.Debug|x86.ActiveCfg = Debug|Win32
		{16B625A5-3F15-4AC2-8E82-DE82D8ECE83A}.Debug|x86.Build.0 = Debug|Win32
		{16B625A5-3F15-4AC2-8E82-DE82D8ECE83A}.Release|x64.ActiveCfg = Release|x64
		{16B625A5-3F15-4AC2-8E82-DE82D8ECE83A}.Release|x64.Build.0 = Release|x64
		{16B625A5-3F15-4AC2-8E82-DE82D8ECE83A}.Release|x86.ActiveCfg = Release|Win32
		{16B625A5-3F15-4AC2-8E82-DE82D8ECE83A}.Release|x86.Build.0 = Release|Win32
		{87394AC0-FA55-415E-BD48-57553524C4BE}.Debug|x64.ActiveCfg = Debug|x64
		{87394AC0-FA55-415E-BD48-57553524C4BE}.Debug|x64.Build.0 = Debug|x64
		{87394AC0-FA55-415E-BD48-57553524C4BE}.Debug|x86.ActiveCfg = Debug|Win32
		{87394AC0-FA55-415E-BD48-57553524C4BE}.Debug|x86.Build.0 = Debug|Win32
		{87394AC0-FA55-415E-BD48-57553524C4BE}.Release|x64.ActiveCfg = Release|x64
		{87394AC0-FA55-415E-BD48-57553524C4BE}.Release|x64.Build.0 = Release|x64
		{87394AC0-FA55-415E-BD48-57553524C4BE}.Release|x86.ActiveCfg = Release|Win32
		{87394AC0-FA55-415E-BD48-57553524C4BE}.Release|x86.Build.0 = Release|Win32
		{132404BB-268D-4F07-A72A-3950EC257F9E}.Debug|x64.ActiveCfg = Debug|x64
		{132404BB-268D-4F07-A72A-3950EC257F9E}.Debug|x64.Build.0 = Debug|x64
		{132404BB-268D-4F07-A72A-3950EC257F9E}.Debug|x86.ActiveCfg = Debug|Win32
		{132404BB-268D-4F07-A72A-3950EC257F9E}.Debug|x86.Build.0 = Debug|Win32
		{132404BB-268D-4F07-A72A-3950EC257F9E}.Release|x64.ActiveCfg = Release|x64
		{132404BB-268D-4F07-A72A-3950EC257F9E}.Release|x64.Build.0 = Release|x64
		{132404BB-268D-4F07-A72A-3950EC257F9E}.Release|x86.ActiveCfg = Release|Win32
		{132404BB-268D-4F07-A72A-3950EC257F9E}.Release|x86.Build.0 = Release|Win32
	EndGlobalSection
	GlobalSection(SolutionProperties) = preSolution
		HideSolutionNode = FALSE
	EndGlobalSection
	GlobalSection(ExtensibilityGlobals) = postSolution
		SolutionGuid = {68B78AB3-F670-421C-A3AE-C0A4F754419E}
	EndGlobalSection
EndGlobal
